
Microsoft Visual Studio Solution File, Format Version 12.00
# Visual Studio 15
VisualStudioVersion = 15.0.28307.757
MinimumVisualStudioVersion = 10.0.40219.1
Project("{FAE04EC0-301F-11D3-BF4B-00C04F79EFBC}") = "PartyInvites", "PartyInvites\PartyInvites.csproj", "{760CD352-49D9-4A00-B312-98B52789B79E}"
EndProject
Global
	GlobalSection(SolutionConfigurationPlatforms) = preSolution
		Debug|Any CPU = Debug|Any CPU
		Release|Any CPU = Release|Any CPU
	EndGlobalSection
	GlobalSection(ProjectConfigurationPlatforms) = postSolution
		{760CD352-49D9-4A00-B312-98B52789B79E}.Debug|Any CPU.ActiveCfg = Debug|Any CPU
		{760CD352-49D9-4A00-B312-98B52789B79E}.Debug|Any CPU.Build.0 = Debug|Any CPU
		{760CD352-49D9-4A00-B312-98B52789B79E}.Release|Any CPU.ActiveCfg = Release|Any CPU
		{760CD352-49D9-4A00-B312-98B52789B79E}.Release|Any CPU.Build.0 = Release|Any CPU
	EndGlobalSection
	GlobalSection(SolutionProperties) = preSolution
		HideSolutionNode = FALSE
	EndGlobalSection
	GlobalSection(ExtensibilityGlobals) = postSolution
		SolutionGuid = {E4D7D383-7548-46EB-BC2D-1340C973CFC6}
	EndGlobalSection
EndGlobal
